
Microsoft Visual Studio Solution File, Format Version 12.00
# Visual Studio Version 17
VisualStudioVersion = 17.2.32602.215
MinimumVisualStudioVersion = 10.0.40219.1
Project("{FAE04EC0-301F-11D3-BF4B-00C04F79EFBC}") = "DEMIRBANKLIB", "DEMIRBANKLIB\DEMIRBANKLIB.csproj", "{81774B1E-C547-494E-BB79-86017F46AE8F}"
EndProject
Global
	GlobalSection(SolutionConfigurationPlatforms) = preSolution
		Debug|Any CPU = Debug|Any CPU
		Release|Any CPU = Release|Any CPU
	EndGlobalSection
	GlobalSection(ProjectConfigurationPlatforms) = postSolution
		{81774B1E-C547-494E-BB79-86017F46AE8F}.Debug|Any CPU.ActiveCfg = Debug|Any CPU
		{81774B1E-C547-494E-BB79-86017F46AE8F}.Debug|Any CPU.Build.0 = Debug|Any CPU
		{81774B1E-C547-494E-BB79-86017F46AE8F}.Release|Any CPU.ActiveCfg = Release|Any CPU
		{81774B1E-C547-494E-BB79-86017F46AE8F}.Release|Any CPU.Build.0 = Release|Any CPU
	EndGlobalSection
	GlobalSection(SolutionProperties) = preSolution
		HideSolutionNode = FALSE
	EndGlobalSection
	GlobalSection(ExtensibilityGlobals) = postSolution
		SolutionGuid = {1A63376C-4190-47F0-A937-3A35002BBC5C}
	EndGlobalSection
EndGlobal
